
Microsoft Visual Studio Solution File, Format Version 12.00
Project("{2150E333-8FDC-42A3-9474-1A3956D46DE8}") = "src", "src", "{3A3DDC83-E503-41C9-BB3C-7B635259E372}"
EndProject
Project("{2150E333-8FDC-42A3-9474-1A3956D46DE8}") = "tests", "tests", "{4DCF51B2-80DC-496E-BCEB-17AD263FAF3D}"
EndProject
Project("{2150E333-8FDC-42A3-9474-1A3956D46DE8}") = "Presentation", "Presentation", "{D5302B3A-779F-4F15-A96B-CD66D0B79212}"
EndProject
Project("{FAE04EC0-301F-11D3-BF4B-00C04F79EFBC}") = "Api", "src\Presentation\Api\Api.csproj", "{C37319AA-DD16-4A1D-B2FC-3E01C86F91C9}"
EndProject
Project("{2150E333-8FDC-42A3-9474-1A3956D46DE8}") = "Persistence", "Persistence", "{D17B4799-2CCD-4E7A-9C74-81E1BD7CC2C0}"
EndProject
Project("{FAE04EC0-301F-11D3-BF4B-00C04F79EFBC}") = "Persistence.Abstractions", "src\Persistence\Persistence.Abstractions\Persistence.Abstractions.csproj", "{842E5BAC-1502-4086-92B4-FC9C883D7EFD}"
EndProject
Project("{FAE04EC0-301F-11D3-BF4B-00C04F79EFBC}") = "Persistence.Postgres", "src\Persistence\Persistence.Postgres\Persistence.Postgres.csproj", "{2385EE31-1377-470B-AF45-D86EC3CD6DE8}"
EndProject
Project("{FAE04EC0-301F-11D3-BF4B-00C04F79EFBC}") = "Persistence.Postgres.Migrations", "src\Persistence\Persistence.Postgres.Migrations\Persistence.Postgres.Migrations.csproj", "{7D69AA99-5E39-464D-A95A-C22422967F10}"
EndProject
Project("{2150E333-8FDC-42A3-9474-1A3956D46DE8}") = "Application", "Application", "{FF175140-BCEA-4BE8-94EA-7414EDE119A8}"
EndProject
Project("{FAE04EC0-301F-11D3-BF4B-00C04F79EFBC}") = "Domain", "src\Application\Domain\Domain.csproj", "{479D36BB-80FD-4F7C-870D-2313FB6E4054}"
EndProject
Project("{FAE04EC0-301F-11D3-BF4B-00C04F79EFBC}") = "SharedKernel", "src\Application\SharedKernel\SharedKernel.csproj", "{DA03B6F0-409C-43E0-80DD-F8343A448E24}"
EndProject
Project("{FAE04EC0-301F-11D3-BF4B-00C04F79EFBC}") = "Application", "src\Application\Application\Application.csproj", "{846E3336-A746-4341-9FF3-EA0269B5DEE6}"
EndProject
Project("{2150E333-8FDC-42A3-9474-1A3956D46DE8}") = "Services", "Services", "{4EEC2D56-1B29-4462-8FBE-C4BD71B7021C}"
EndProject
Project("{FAE04EC0-301F-11D3-BF4B-00C04F79EFBC}") = "Services.Auth", "src\Services\Services.Auth\Services.Auth.csproj", "{CCF6F466-2A79-4F80-B213-577D56B2BAC5}"
EndProject
Project("{2150E333-8FDC-42A3-9474-1A3956D46DE8}") = "pipeline", "pipeline", "{A75463EB-A3A4-44EF-989B-5E12C39E67DF}"
	ProjectSection(SolutionItems) = preProject
		docker-compose.yml = docker-compose.yml
		Dockerfile = Dockerfile
		.dockerignore = .dockerignore
	EndProjectSection
EndProject
Project("{2150E333-8FDC-42A3-9474-1A3956D46DE8}") = "Kafka", "Kafka", "{4AB50242-D39B-493B-B435-83F23CB42BC0}"
EndProject
Project("{FAE04EC0-301F-11D3-BF4B-00C04F79EFBC}") = "Kafka.Producers.Abstractions", "src\Kafka\Kafka.Producers.Abstractions\Kafka.Producers.Abstractions.csproj", "{78454471-23A1-4E54-9DDC-017A51DBC38D}"
EndProject
Project("{FAE04EC0-301F-11D3-BF4B-00C04F79EFBC}") = "Kafka.Producers", "src\Kafka\Kafka.Producers\Kafka.Producers.csproj", "{8A977B87-935C-49C5-BF43-1F3BCF0AA624}"
EndProject
Project("{FAE04EC0-301F-11D3-BF4B-00C04F79EFBC}") = "BackgroundWorker", "src\Presentation\BackgroundWorker\BackgroundWorker.csproj", "{A599035B-C051-45B3-8FF6-D9AF2DF6C8C1}"
EndProject
Project("{FAE04EC0-301F-11D3-BF4B-00C04F79EFBC}") = "Kafka.Consumers.Abstractions", "src\Kafka\Kafka.Consumers.Abstractions\Kafka.Consumers.Abstractions.csproj", "{1242F283-74EF-4378-9681-7E952BA1B8EE}"
EndProject
Project("{FAE04EC0-301F-11D3-BF4B-00C04F79EFBC}") = "Kafka.Consumers", "src\Kafka\Kafka.Consumers\Kafka.Consumers.csproj", "{C911AD0E-AAF7-4581-8C02-1F7C51248EC6}"
EndProject
Global
	GlobalSection(SolutionConfigurationPlatforms) = preSolution
		Debug|Any CPU = Debug|Any CPU
		Release|Any CPU = Release|Any CPU
	EndGlobalSection
	GlobalSection(NestedProjects) = preSolution
		{D5302B3A-779F-4F15-A96B-CD66D0B79212} = {3A3DDC83-E503-41C9-BB3C-7B635259E372}
		{C37319AA-DD16-4A1D-B2FC-3E01C86F91C9} = {D5302B3A-779F-4F15-A96B-CD66D0B79212}
		{D17B4799-2CCD-4E7A-9C74-81E1BD7CC2C0} = {3A3DDC83-E503-41C9-BB3C-7B635259E372}
		{842E5BAC-1502-4086-92B4-FC9C883D7EFD} = {D17B4799-2CCD-4E7A-9C74-81E1BD7CC2C0}
		{2385EE31-1377-470B-AF45-D86EC3CD6DE8} = {D17B4799-2CCD-4E7A-9C74-81E1BD7CC2C0}
		{7D69AA99-5E39-464D-A95A-C22422967F10} = {D17B4799-2CCD-4E7A-9C74-81E1BD7CC2C0}
		{FF175140-BCEA-4BE8-94EA-7414EDE119A8} = {3A3DDC83-E503-41C9-BB3C-7B635259E372}
		{479D36BB-80FD-4F7C-870D-2313FB6E4054} = {FF175140-BCEA-4BE8-94EA-7414EDE119A8}
		{DA03B6F0-409C-43E0-80DD-F8343A448E24} = {FF175140-BCEA-4BE8-94EA-7414EDE119A8}
		{846E3336-A746-4341-9FF3-EA0269B5DEE6} = {FF175140-BCEA-4BE8-94EA-7414EDE119A8}
		{4EEC2D56-1B29-4462-8FBE-C4BD71B7021C} = {3A3DDC83-E503-41C9-BB3C-7B635259E372}
		{CCF6F466-2A79-4F80-B213-577D56B2BAC5} = {4EEC2D56-1B29-4462-8FBE-C4BD71B7021C}
		{4AB50242-D39B-493B-B435-83F23CB42BC0} = {3A3DDC83-E503-41C9-BB3C-7B635259E372}
		{78454471-23A1-4E54-9DDC-017A51DBC38D} = {4AB50242-D39B-493B-B435-83F23CB42BC0}
		{8A977B87-935C-49C5-BF43-1F3BCF0AA624} = {4AB50242-D39B-493B-B435-83F23CB42BC0}
		{A599035B-C051-45B3-8FF6-D9AF2DF6C8C1} = {D5302B3A-779F-4F15-A96B-CD66D0B79212}
		{1242F283-74EF-4378-9681-7E952BA1B8EE} = {4AB50242-D39B-493B-B435-83F23CB42BC0}
		{C911AD0E-AAF7-4581-8C02-1F7C51248EC6} = {4AB50242-D39B-493B-B435-83F23CB42BC0}
	EndGlobalSection
	GlobalSection(ProjectConfigurationPlatforms) = postSolution
		{C37319AA-DD16-4A1D-B2FC-3E01C86F91C9}.Debug|Any CPU.ActiveCfg = Debug|Any CPU
		{C37319AA-DD16-4A1D-B2FC-3E01C86F91C9}.Debug|Any CPU.Build.0 = Debug|Any CPU
		{C37319AA-DD16-4A1D-B2FC-3E01C86F91C9}.Release|Any CPU.ActiveCfg = Release|Any CPU
		{C37319AA-DD16-4A1D-B2FC-3E01C86F91C9}.Release|Any CPU.Build.0 = Release|Any CPU
		{842E5BAC-1502-4086-92B4-FC9C883D7EFD}.Debug|Any CPU.ActiveCfg = Debug|Any CPU
		{842E5BAC-1502-4086-92B4-FC9C883D7EFD}.Debug|Any CPU.Build.0 = Debug|Any CPU
		{842E5BAC-1502-4086-92B4-FC9C883D7EFD}.Release|Any CPU.ActiveCfg = Release|Any CPU
		{842E5BAC-1502-4086-92B4-FC9C883D7EFD}.Release|Any CPU.Build.0 = Release|Any CPU
		{2385EE31-1377-470B-AF45-D86EC3CD6DE8}.Debug|Any CPU.ActiveCfg = Debug|Any CPU
		{2385EE31-1377-470B-AF45-D86EC3CD6DE8}.Debug|Any CPU.Build.0 = Debug|Any CPU
		{2385EE31-1377-470B-AF45-D86EC3CD6DE8}.Release|Any CPU.ActiveCfg = Release|Any CPU
		{2385EE31-1377-470B-AF45-D86EC3CD6DE8}.Release|Any CPU.Build.0 = Release|Any CPU
		{7D69AA99-5E39-464D-A95A-C22422967F10}.Debug|Any CPU.ActiveCfg = Debug|Any CPU
		{7D69AA99-5E39-464D-A95A-C22422967F10}.Debug|Any CPU.Build.0 = Debug|Any CPU
		{7D69AA99-5E39-464D-A95A-C22422967F10}.Release|Any CPU.ActiveCfg = Release|Any CPU
		{7D69AA99-5E39-464D-A95A-C22422967F10}.Release|Any CPU.Build.0 = Release|Any CPU
		{479D36BB-80FD-4F7C-870D-2313FB6E4054}.Debug|Any CPU.ActiveCfg = Debug|Any CPU
		{479D36BB-80FD-4F7C-870D-2313FB6E4054}.Debug|Any CPU.Build.0 = Debug|Any CPU
		{479D36BB-80FD-4F7C-870D-2313FB6E4054}.Release|Any CPU.ActiveCfg = Release|Any CPU
		{479D36BB-80FD-4F7C-870D-2313FB6E4054}.Release|Any CPU.Build.0 = Release|Any CPU
		{DA03B6F0-409C-43E0-80DD-F8343A448E24}.Debug|Any CPU.ActiveCfg = Debug|Any CPU
		{DA03B6F0-409C-43E0-80DD-F8343A448E24}.Debug|Any CPU.Build.0 = Debug|Any CPU
		{DA03B6F0-409C-43E0-80DD-F8343A448E24}.Release|Any CPU.ActiveCfg = Release|Any CPU
		{DA03B6F0-409C-43E0-80DD-F8343A448E24}.Release|Any CPU.Build.0 = Release|Any CPU
		{846E3336-A746-4341-9FF3-EA0269B5DEE6}.Debug|Any CPU.ActiveCfg = Debug|Any CPU
		{846E3336-A746-4341-9FF3-EA0269B5DEE6}.Debug|Any CPU.Build.0 = Debug|Any CPU
		{846E3336-A746-4341-9FF3-EA0269B5DEE6}.Release|Any CPU.ActiveCfg = Release|Any CPU
		{846E3336-A746-4341-9FF3-EA0269B5DEE6}.Release|Any CPU.Build.0 = Release|Any CPU
		{CCF6F466-2A79-4F80-B213-577D56B2BAC5}.Debug|Any CPU.ActiveCfg = Debug|Any CPU
		{CCF6F466-2A79-4F80-B213-577D56B2BAC5}.Debug|Any CPU.Build.0 = Debug|Any CPU
		{CCF6F466-2A79-4F80-B213-577D56B2BAC5}.Release|Any CPU.ActiveCfg = Release|Any CPU
		{CCF6F466-2A79-4F80-B213-577D56B2BAC5}.Release|Any CPU.Build.0 = Release|Any CPU
		{78454471-23A1-4E54-9DDC-017A51DBC38D}.Debug|Any CPU.ActiveCfg = Debug|Any CPU
		{78454471-23A1-4E54-9DDC-017A51DBC38D}.Debug|Any CPU.Build.0 = Debug|Any CPU
		{78454471-23A1-4E54-9DDC-017A51DBC38D}.Release|Any CPU.ActiveCfg = Release|Any CPU
		{78454471-23A1-4E54-9DDC-017A51DBC38D}.Release|Any CPU.Build.0 = Release|Any CPU
		{8A977B87-935C-49C5-BF43-1F3BCF0AA624}.Debug|Any CPU.ActiveCfg = Debug|Any CPU
		{8A977B87-935C-49C5-BF43-1F3BCF0AA624}.Debug|Any CPU.Build.0 = Debug|Any CPU
		{8A977B87-935C-49C5-BF43-1F3BCF0AA624}.Release|Any CPU.ActiveCfg = Release|Any CPU
		{8A977B87-935C-49C5-BF43-1F3BCF0AA624}.Release|Any CPU.Build.0 = Release|Any CPU
		{A599035B-C051-45B3-8FF6-D9AF2DF6C8C1}.Debug|Any CPU.ActiveCfg = Debug|Any CPU
		{A599035B-C051-45B3-8FF6-D9AF2DF6C8C1}.Debug|Any CPU.Build.0 = Debug|Any CPU
		{A599035B-C051-45B3-8FF6-D9AF2DF6C8C1}.Release|Any CPU.ActiveCfg = Release|Any CPU
		{A599035B-C051-45B3-8FF6-D9AF2DF6C8C1}.Release|Any CPU.Build.0 = Release|Any CPU
		{1242F283-74EF-4378-9681-7E952BA1B8EE}.Debug|Any CPU.ActiveCfg = Debug|Any CPU
		{1242F283-74EF-4378-9681-7E952BA1B8EE}.Debug|Any CPU.Build.0 = Debug|Any CPU
		{1242F283-74EF-4378-9681-7E952BA1B8EE}.Release|Any CPU.ActiveCfg = Release|Any CPU
		{1242F283-74EF-4378-9681-7E952BA1B8EE}.Release|Any CPU.Build.0 = Release|Any CPU
		{C911AD0E-AAF7-4581-8C02-1F7C51248EC6}.Debug|Any CPU.ActiveCfg = Debug|Any CPU
		{C911AD0E-AAF7-4581-8C02-1F7C51248EC6}.Debug|Any CPU.Build.0 = Debug|Any CPU
		{C911AD0E-AAF7-4581-8C02-1F7C51248EC6}.Release|Any CPU.ActiveCfg = Release|Any CPU
		{C911AD0E-AAF7-4581-8C02-1F7C51248EC6}.Release|Any CPU.Build.0 = Release|Any CPU
	EndGlobalSection
EndGlobal
